# This file is automatically @generated by Cargo.
# It is not intended for manual editing.
version = 3

[[package]]
name = "advent_2022"
version = "0.1.0"

[[package]]
name = "day_01"
version = "0.1.0"

[[package]]
name = "day_01b"
version = "0.1.0"

[[package]]
name = "day_02"
version = "0.1.0"

[[package]]
name = "day_02b"
version = "0.1.0"

[[package]]
name = "day_03"
version = "0.1.0"

[[package]]
name = "day_03b"
version = "0.1.0"
